
Microsoft Visual Studio Solution File, Format Version 12.00
# Visual Studio 15
VisualStudioVersion = 15.0.28307.852
MinimumVisualStudioVersion = 10.0.40219.1
Project("{FAE04EC0-301F-11D3-BF4B-00C04F79EFBC}") = "Demo_CodeFirst", "Demo_CodeFirst\Demo_CodeFirst.csproj", "{AB608AA4-1A2A-4028-A2D9-922603436DF6}"
EndProject
Project("{FAE04EC0-301F-11D3-BF4B-00C04F79EFBC}") = "Demo_DatabaseFirst", "Demo_DatabaseFirst\Demo_DatabaseFirst.csproj", "{7F0A8762-1C67-44B2-B5DF-EF693FEAC6EE}"
EndProject
Project("{FAE04EC0-301F-11D3-BF4B-00C04F79EFBC}") = "Demo_ModelFirst", "Demo_ModelFirst\Demo_ModelFirst.csproj", "{DB113D2F-1F66-4C26-BF9B-1BA9ACC547F7}"
EndProject
Project("{2150E333-8FDC-42A3-9474-1A3956D46DE8}") = "Database_Script", "Database_Script", "{02FE7D8A-182B-4B0D-8CBF-F4F1FF535A43}"
	ProjectSection(SolutionItems) = preProject
		C:\Users\tienb\Desktop\DemoCodeFirst.sql = C:\Users\tienb\Desktop\DemoCodeFirst.sql
		C:\Users\tienb\Desktop\DemoDatabaseFirst.sql = C:\Users\tienb\Desktop\DemoDatabaseFirst.sql
		C:\Users\tienb\Desktop\DemoModelFirst.sql = C:\Users\tienb\Desktop\DemoModelFirst.sql
	EndProjectSection
EndProject
Global
	GlobalSection(SolutionConfigurationPlatforms) = preSolution
		Debug|Any CPU = Debug|Any CPU
		Release|Any CPU = Release|Any CPU
	EndGlobalSection
	GlobalSection(ProjectConfigurationPlatforms) = postSolution
		{AB608AA4-1A2A-4028-A2D9-922603436DF6}.Debug|Any CPU.ActiveCfg = Debug|Any CPU
		{AB608AA4-1A2A-4028-A2D9-922603436DF6}.Debug|Any CPU.Build.0 = Debug|Any CPU
		{AB608AA4-1A2A-4028-A2D9-922603436DF6}.Release|Any CPU.ActiveCfg = Release|Any CPU
		{AB608AA4-1A2A-4028-A2D9-922603436DF6}.Release|Any CPU.Build.0 = Release|Any CPU
		{7F0A8762-1C67-44B2-B5DF-EF693FEAC6EE}.Debug|Any CPU.ActiveCfg = Debug|Any CPU
		{7F0A8762-1C67-44B2-B5DF-EF693FEAC6EE}.Debug|Any CPU.Build.0 = Debug|Any CPU
		{7F0A8762-1C67-44B2-B5DF-EF693FEAC6EE}.Release|Any CPU.ActiveCfg = Release|Any CPU
		{7F0A8762-1C67-44B2-B5DF-EF693FEAC6EE}.Release|Any CPU.Build.0 = Release|Any CPU
		{DB113D2F-1F66-4C26-BF9B-1BA9ACC547F7}.Debug|Any CPU.ActiveCfg = Debug|Any CPU
		{DB113D2F-1F66-4C26-BF9B-1BA9ACC547F7}.Debug|Any CPU.Build.0 = Debug|Any CPU
		{DB113D2F-1F66-4C26-BF9B-1BA9ACC547F7}.Release|Any CPU.ActiveCfg = Release|Any CPU
		{DB113D2F-1F66-4C26-BF9B-1BA9ACC547F7}.Release|Any CPU.Build.0 = Release|Any CPU
	EndGlobalSection
	GlobalSection(SolutionProperties) = preSolution
		HideSolutionNode = FALSE
	EndGlobalSection
	GlobalSection(ExtensibilityGlobals) = postSolution
		SolutionGuid = {1875AA8C-54E1-4D84-BCF1-941789B76BB2}
	EndGlobalSection
EndGlobal
